
Microsoft Visual Studio Solution File, Format Version 12.00
# Visual Studio Version 17
VisualStudioVersion = 17.2.32602.215
MinimumVisualStudioVersion = 10.0.40219.1
Project("{888888A0-9F3D-457C-B088-3A5042F75D52}") = "NeuralNetwork", "NeuralNetwork.pyproj", "{FFDAE6ED-670B-4980-B645-D1E1E16C72AF}"
EndProject
Global
	GlobalSection(SolutionConfigurationPlatforms) = preSolution
		Debug|Any CPU = Debug|Any CPU
		Release|Any CPU = Release|Any CPU
	EndGlobalSection
	GlobalSection(ProjectConfigurationPlatforms) = postSolution
		{FFDAE6ED-670B-4980-B645-D1E1E16C72AF}.Debug|Any CPU.ActiveCfg = Debug|Any CPU
		{FFDAE6ED-670B-4980-B645-D1E1E16C72AF}.Release|Any CPU.ActiveCfg = Release|Any CPU
	EndGlobalSection
	GlobalSection(SolutionProperties) = preSolution
		HideSolutionNode = FALSE
	EndGlobalSection
	GlobalSection(ExtensibilityGlobals) = postSolution
		SolutionGuid = {74F25F89-2105-49EA-A892-3E0AECA12446}
	EndGlobalSection
EndGlobal
