
Microsoft Visual Studio Solution File, Format Version 12.00
# Visual Studio Version 17
VisualStudioVersion = 17.2.32602.215
MinimumVisualStudioVersion = 10.0.40219.1
Project("{888888A0-9F3D-457C-B088-3A5042F75D52}") = "SearchTest", "SearchTest.pyproj", "{368BE2F6-D76D-476F-B347-8859A9DDFCCF}"
EndProject
Global
	GlobalSection(SolutionConfigurationPlatforms) = preSolution
		Debug|Any CPU = Debug|Any CPU
		Release|Any CPU = Release|Any CPU
	EndGlobalSection
	GlobalSection(ProjectConfigurationPlatforms) = postSolution
		{368BE2F6-D76D-476F-B347-8859A9DDFCCF}.Debug|Any CPU.ActiveCfg = Debug|Any CPU
		{368BE2F6-D76D-476F-B347-8859A9DDFCCF}.Release|Any CPU.ActiveCfg = Release|Any CPU
	EndGlobalSection
	GlobalSection(SolutionProperties) = preSolution
		HideSolutionNode = FALSE
	EndGlobalSection
	GlobalSection(ExtensibilityGlobals) = postSolution
		SolutionGuid = {E29FA26A-7726-4DCF-929D-32F385C1275E}
	EndGlobalSection
EndGlobal
